# This file is automatically @generated by Cargo.
# It is not intended for manual editing.
version = 3

[[package]]
name = "gtts"
version = "0.1.0"
dependencies = [
 "minreq",
 "percent-encoding",
]

[[package]]
name = "log"
version = "0.4.21"
source = "registry+https://github.com/rust-lang/crates.io-index"
checksum = "90ed8c1e510134f979dbc4f070f87d4313098b704861a105fe34231c70a3901c"

[[package]]
name = "minreq"
version = "2.11.1"
source = "registry+https://github.com/rust-lang/crates.io-index"
checksum = "00a000cf8bbbfb123a9bdc66b61c2885a4bb038df4f2629884caafabeb76b0f9"
dependencies = [
 "log",
]

[[package]]
name = "percent-encoding"
version = "2.3.1"
source = "registry+https://github.com/rust-lang/crates.io-index"
checksum = "e3148f5046208a5d56bcfc03053e3ca6334e51da8dfb19b6cdc8b306fae3283e"
